
Microsoft Visual Studio Solution File, Format Version 12.00
# Visual Studio Version 17
VisualStudioVersion = 17.3.32825.248
MinimumVisualStudioVersion = 10.0.40219.1
Project("{FAE04EC0-301F-11D3-BF4B-00C04F79EFBC}") = "ClassLibrary1", "ClassLibrary1\ClassLibrary1.csproj", "{72FB9E19-3C20-4B06-AC28-EA2CE0A08D3F}"
EndProject
Global
	GlobalSection(SolutionConfigurationPlatforms) = preSolution
		Debug|Any CPU = Debug|Any CPU
		Release|Any CPU = Release|Any CPU
	EndGlobalSection
	GlobalSection(ProjectConfigurationPlatforms) = postSolution
		{72FB9E19-3C20-4B06-AC28-EA2CE0A08D3F}.Debug|Any CPU.ActiveCfg = Debug|Any CPU
		{72FB9E19-3C20-4B06-AC28-EA2CE0A08D3F}.Debug|Any CPU.Build.0 = Debug|Any CPU
		{72FB9E19-3C20-4B06-AC28-EA2CE0A08D3F}.Release|Any CPU.ActiveCfg = Release|Any CPU
		{72FB9E19-3C20-4B06-AC28-EA2CE0A08D3F}.Release|Any CPU.Build.0 = Release|Any CPU
	EndGlobalSection
	GlobalSection(SolutionProperties) = preSolution
		HideSolutionNode = FALSE
	EndGlobalSection
	GlobalSection(ExtensibilityGlobals) = postSolution
		SolutionGuid = {9A27D5D1-9E93-4F07-A12A-7516595A3B2B}
	EndGlobalSection
EndGlobal
