
Microsoft Visual Studio Solution File, Format Version 12.00
# Visual Studio Version 17
VisualStudioVersion = 17.4.33213.308
MinimumVisualStudioVersion = 10.0.40219.1
Project("{FAE04EC0-301F-11D3-BF4B-00C04F79EFBC}") = "33.BMI калькулятор", "33.BMI калькулятор\33.BMI калькулятор.csproj", "{50158B6B-9368-4DFA-94F1-C60142115136}"
EndProject
Global
	GlobalSection(SolutionConfigurationPlatforms) = preSolution
		Debug|Any CPU = Debug|Any CPU
		Release|Any CPU = Release|Any CPU
	EndGlobalSection
	GlobalSection(ProjectConfigurationPlatforms) = postSolution
		{50158B6B-9368-4DFA-94F1-C60142115136}.Debug|Any CPU.ActiveCfg = Debug|Any CPU
		{50158B6B-9368-4DFA-94F1-C60142115136}.Debug|Any CPU.Build.0 = Debug|Any CPU
		{50158B6B-9368-4DFA-94F1-C60142115136}.Release|Any CPU.ActiveCfg = Release|Any CPU
		{50158B6B-9368-4DFA-94F1-C60142115136}.Release|Any CPU.Build.0 = Release|Any CPU
	EndGlobalSection
	GlobalSection(SolutionProperties) = preSolution
		HideSolutionNode = FALSE
	EndGlobalSection
	GlobalSection(ExtensibilityGlobals) = postSolution
		SolutionGuid = {D1AC3C39-3639-4B0E-BB74-441E70A416B1}
	EndGlobalSection
EndGlobal
